
Microsoft Visual Studio Solution File, Format Version 12.00
# Visual Studio Version 16
VisualStudioVersion = 16.0.28922.388
MinimumVisualStudioVersion = 10.0.40219.1
Project("{9A19103F-16F7-4668-BE54-9A1E7A4F7556}") = "BuDing.Chaos", "BuDing.Chaos\BuDing.Chaos.csproj", "{552B2431-AD9D-4A7E-9458-4C004660D3C3}"
EndProject
Project("{9A19103F-16F7-4668-BE54-9A1E7A4F7556}") = "BuDing.Core", "BuDing.Core\BuDing.Core.csproj", "{58E05791-61EF-49AC-A467-2EDD4C054772}"
EndProject
Project("{9A19103F-16F7-4668-BE54-9A1E7A4F7556}") = "BuDing.Ioc.UnitOfWork", "BuDing.Ioc.UnitOfWork\BuDing.Ioc.UnitOfWork.csproj", "{073AB536-D42B-4DDA-8E46-2EBF2E65B0FC}"
EndProject
Project("{2150E333-8FDC-42A3-9474-1A3956D46DE8}") = "test", "test", "{B7633A95-D480-4075-8826-A0D09B0AEDC3}"
EndProject
Project("{2150E333-8FDC-42A3-9474-1A3956D46DE8}") = "src", "src", "{FAB12922-9140-4ACE-B6D1-65566460532A}"
EndProject
Project("{2150E333-8FDC-42A3-9474-1A3956D46DE8}") = "sample", "sample", "{01E6321C-929F-4CD2-9F1E-A5CA4BD20074}"
EndProject
Project("{9A19103F-16F7-4668-BE54-9A1E7A4F7556}") = "BuDing.Ioc.Dapper.Repository.UnitOfWork", "BuDing.Ioc.Dapper.Repository.UnitOfWork\BuDing.Ioc.Dapper.Repository.UnitOfWork.csproj", "{6AD95460-4247-484E-B386-F30E36230470}"
EndProject
Project("{9A19103F-16F7-4668-BE54-9A1E7A4F7556}") = "BuDing.Ioc.Dapper.Repository.UnitOfWork.Tests", "BuDing.Ioc.Dapper.Repository.UnitOfWork.Tests\BuDing.Ioc.Dapper.Repository.UnitOfWork.Tests.csproj", "{6F9E36ED-F9EB-43AB-8617-F5BC19F961AA}"
EndProject
Project("{9A19103F-16F7-4668-BE54-9A1E7A4F7556}") = "BuDing.JwtBearer", "BuDing.JwtBearer\BuDing.JwtBearer.csproj", "{75FB6084-EEB5-433A-B1D8-16AF0B8259F1}"
EndProject
Project("{9A19103F-16F7-4668-BE54-9A1E7A4F7556}") = "BuDing.AutoFac", "BuDing.AutoFac\BuDing.AutoFac.csproj", "{434C30CA-4694-42F2-A6A2-D3BA7F892C7A}"
EndProject
Project("{2150E333-8FDC-42A3-9474-1A3956D46DE8}") = "Gateway", "Gateway", "{F1CC047F-EC29-4099-8A90-4885A2F13F06}"
EndProject
Project("{9A19103F-16F7-4668-BE54-9A1E7A4F7556}") = "BuDing.Gateway.Ocelot", "BuDing.Gateway.Ocelot\BuDing.Gateway.Ocelot.csproj", "{D26A3768-918C-48B5-944B-BFFEE639B4D9}"
EndProject
Project("{9A19103F-16F7-4668-BE54-9A1E7A4F7556}") = "CustimersAPIServices", "CustimersAPIServices\CustimersAPIServices.csproj", "{53FDAC67-FE01-45D0-83C9-BCE1D65E416B}"
EndProject
Project("{9A19103F-16F7-4668-BE54-9A1E7A4F7556}") = "ProductsAPIServices", "ProductsAPIServices\ProductsAPIServices.csproj", "{ED2D6332-688A-4013-9743-CD61E655D366}"
EndProject
Project("{2150E333-8FDC-42A3-9474-1A3956D46DE8}") = "Consul", "Consul", "{19555CA0-5E7B-4776-A654-E91FE5213F0D}"
EndProject
Project("{FAE04EC0-301F-11D3-BF4B-00C04F79EFBC}") = "BuDing.Consul", "BuDing.Consul\BuDing.Consul.csproj", "{8461BC71-23F9-44A0-A56E-D419AFB7AAF6}"
EndProject
Global
	GlobalSection(SolutionConfigurationPlatforms) = preSolution
		Debug|Any CPU = Debug|Any CPU
		Release|Any CPU = Release|Any CPU
	EndGlobalSection
	GlobalSection(ProjectConfigurationPlatforms) = postSolution
		{552B2431-AD9D-4A7E-9458-4C004660D3C3}.Debug|Any CPU.ActiveCfg = Debug|Any CPU
		{552B2431-AD9D-4A7E-9458-4C004660D3C3}.Debug|Any CPU.Build.0 = Debug|Any CPU
		{552B2431-AD9D-4A7E-9458-4C004660D3C3}.Release|Any CPU.ActiveCfg = Release|Any CPU
		{552B2431-AD9D-4A7E-9458-4C004660D3C3}.Release|Any CPU.Build.0 = Release|Any CPU
		{58E05791-61EF-49AC-A467-2EDD4C054772}.Debug|Any CPU.ActiveCfg = Debug|Any CPU
		{58E05791-61EF-49AC-A467-2EDD4C054772}.Debug|Any CPU.Build.0 = Debug|Any CPU
		{58E05791-61EF-49AC-A467-2EDD4C054772}.Release|Any CPU.ActiveCfg = Release|Any CPU
		{58E05791-61EF-49AC-A467-2EDD4C054772}.Release|Any CPU.Build.0 = Release|Any CPU
		{073AB536-D42B-4DDA-8E46-2EBF2E65B0FC}.Debug|Any CPU.ActiveCfg = Debug|Any CPU
		{073AB536-D42B-4DDA-8E46-2EBF2E65B0FC}.Debug|Any CPU.Build.0 = Debug|Any CPU
		{073AB536-D42B-4DDA-8E46-2EBF2E65B0FC}.Release|Any CPU.ActiveCfg = Release|Any CPU
		{073AB536-D42B-4DDA-8E46-2EBF2E65B0FC}.Release|Any CPU.Build.0 = Release|Any CPU
		{6AD95460-4247-484E-B386-F30E36230470}.Debug|Any CPU.ActiveCfg = Debug|Any CPU
		{6AD95460-4247-484E-B386-F30E36230470}.Debug|Any CPU.Build.0 = Debug|Any CPU
		{6AD95460-4247-484E-B386-F30E36230470}.Release|Any CPU.ActiveCfg = Release|Any CPU
		{6AD95460-4247-484E-B386-F30E36230470}.Release|Any CPU.Build.0 = Release|Any CPU
		{6F9E36ED-F9EB-43AB-8617-F5BC19F961AA}.Debug|Any CPU.ActiveCfg = Debug|Any CPU
		{6F9E36ED-F9EB-43AB-8617-F5BC19F961AA}.Debug|Any CPU.Build.0 = Debug|Any CPU
		{6F9E36ED-F9EB-43AB-8617-F5BC19F961AA}.Release|Any CPU.ActiveCfg = Release|Any CPU
		{6F9E36ED-F9EB-43AB-8617-F5BC19F961AA}.Release|Any CPU.Build.0 = Release|Any CPU
		{75FB6084-EEB5-433A-B1D8-16AF0B8259F1}.Debug|Any CPU.ActiveCfg = Debug|Any CPU
		{75FB6084-EEB5-433A-B1D8-16AF0B8259F1}.Debug|Any CPU.Build.0 = Debug|Any CPU
		{75FB6084-EEB5-433A-B1D8-16AF0B8259F1}.Release|Any CPU.ActiveCfg = Release|Any CPU
		{75FB6084-EEB5-433A-B1D8-16AF0B8259F1}.Release|Any CPU.Build.0 = Release|Any CPU
		{434C30CA-4694-42F2-A6A2-D3BA7F892C7A}.Debug|Any CPU.ActiveCfg = Debug|Any CPU
		{434C30CA-4694-42F2-A6A2-D3BA7F892C7A}.Debug|Any CPU.Build.0 = Debug|Any CPU
		{434C30CA-4694-42F2-A6A2-D3BA7F892C7A}.Release|Any CPU.ActiveCfg = Release|Any CPU
		{434C30CA-4694-42F2-A6A2-D3BA7F892C7A}.Release|Any CPU.Build.0 = Release|Any CPU
		{D26A3768-918C-48B5-944B-BFFEE639B4D9}.Debug|Any CPU.ActiveCfg = Debug|Any CPU
		{D26A3768-918C-48B5-944B-BFFEE639B4D9}.Debug|Any CPU.Build.0 = Debug|Any CPU
		{D26A3768-918C-48B5-944B-BFFEE639B4D9}.Release|Any CPU.ActiveCfg = Release|Any CPU
		{D26A3768-918C-48B5-944B-BFFEE639B4D9}.Release|Any CPU.Build.0 = Release|Any CPU
		{53FDAC67-FE01-45D0-83C9-BCE1D65E416B}.Debug|Any CPU.ActiveCfg = Debug|Any CPU
		{53FDAC67-FE01-45D0-83C9-BCE1D65E416B}.Debug|Any CPU.Build.0 = Debug|Any CPU
		{53FDAC67-FE01-45D0-83C9-BCE1D65E416B}.Release|Any CPU.ActiveCfg = Release|Any CPU
		{53FDAC67-FE01-45D0-83C9-BCE1D65E416B}.Release|Any CPU.Build.0 = Release|Any CPU
		{ED2D6332-688A-4013-9743-CD61E655D366}.Debug|Any CPU.ActiveCfg = Debug|Any CPU
		{ED2D6332-688A-4013-9743-CD61E655D366}.Debug|Any CPU.Build.0 = Debug|Any CPU
		{ED2D6332-688A-4013-9743-CD61E655D366}.Release|Any CPU.ActiveCfg = Release|Any CPU
		{ED2D6332-688A-4013-9743-CD61E655D366}.Release|Any CPU.Build.0 = Release|Any CPU
		{8461BC71-23F9-44A0-A56E-D419AFB7AAF6}.Debug|Any CPU.ActiveCfg = Debug|Any CPU
		{8461BC71-23F9-44A0-A56E-D419AFB7AAF6}.Debug|Any CPU.Build.0 = Debug|Any CPU
		{8461BC71-23F9-44A0-A56E-D419AFB7AAF6}.Release|Any CPU.ActiveCfg = Release|Any CPU
		{8461BC71-23F9-44A0-A56E-D419AFB7AAF6}.Release|Any CPU.Build.0 = Release|Any CPU
	EndGlobalSection
	GlobalSection(SolutionProperties) = preSolution
		HideSolutionNode = FALSE
	EndGlobalSection
	GlobalSection(NestedProjects) = preSolution
		{552B2431-AD9D-4A7E-9458-4C004660D3C3} = {01E6321C-929F-4CD2-9F1E-A5CA4BD20074}
		{58E05791-61EF-49AC-A467-2EDD4C054772} = {FAB12922-9140-4ACE-B6D1-65566460532A}
		{073AB536-D42B-4DDA-8E46-2EBF2E65B0FC} = {FAB12922-9140-4ACE-B6D1-65566460532A}
		{6AD95460-4247-484E-B386-F30E36230470} = {FAB12922-9140-4ACE-B6D1-65566460532A}
		{6F9E36ED-F9EB-43AB-8617-F5BC19F961AA} = {B7633A95-D480-4075-8826-A0D09B0AEDC3}
		{75FB6084-EEB5-433A-B1D8-16AF0B8259F1} = {01E6321C-929F-4CD2-9F1E-A5CA4BD20074}
		{434C30CA-4694-42F2-A6A2-D3BA7F892C7A} = {FAB12922-9140-4ACE-B6D1-65566460532A}
		{F1CC047F-EC29-4099-8A90-4885A2F13F06} = {FAB12922-9140-4ACE-B6D1-65566460532A}
		{D26A3768-918C-48B5-944B-BFFEE639B4D9} = {F1CC047F-EC29-4099-8A90-4885A2F13F06}
		{53FDAC67-FE01-45D0-83C9-BCE1D65E416B} = {F1CC047F-EC29-4099-8A90-4885A2F13F06}
		{ED2D6332-688A-4013-9743-CD61E655D366} = {F1CC047F-EC29-4099-8A90-4885A2F13F06}
		{19555CA0-5E7B-4776-A654-E91FE5213F0D} = {FAB12922-9140-4ACE-B6D1-65566460532A}
		{8461BC71-23F9-44A0-A56E-D419AFB7AAF6} = {19555CA0-5E7B-4776-A654-E91FE5213F0D}
	EndGlobalSection
	GlobalSection(ExtensibilityGlobals) = postSolution
		SolutionGuid = {F8E25C43-757A-4C9D-AF6F-A3A0EAD84EA6}
	EndGlobalSection
EndGlobal
